
Microsoft Visual Studio Solution File, Format Version 12.00
# Visual Studio Version 17
VisualStudioVersion = 17.0.31903.59
MinimumVisualStudioVersion = 10.0.40219.1
Project("{2150E333-8FDC-42A3-9474-1A3956D46DE8}") = "src", "src", "{7E7B5F02-ADAA-48FB-AFFF-39CC5DBC875F}"
EndProject
Project("{FAE04EC0-301F-11D3-BF4B-00C04F79EFBC}") = "WebApi", "src\WebApi\WebApi.csproj", "{B5758DEF-3CCE-4337-B7DC-7871F15C3538}"
EndProject
Project("{2150E333-8FDC-42A3-9474-1A3956D46DE8}") = "test", "test", "{9B3D7A85-5009-48D7-A3D8-AEC524F4417A}"
EndProject
Project("{FAE04EC0-301F-11D3-BF4B-00C04F79EFBC}") = "WebApi.Test", "test\WebApi.Test\WebApi.Test.csproj", "{B38A905F-D479-497A-A00B-7241AF21EBC5}"
EndProject
Global
	GlobalSection(SolutionConfigurationPlatforms) = preSolution
		Debug|Any CPU = Debug|Any CPU
		Release|Any CPU = Release|Any CPU
	EndGlobalSection
	GlobalSection(SolutionProperties) = preSolution
		HideSolutionNode = FALSE
	EndGlobalSection
	GlobalSection(ProjectConfigurationPlatforms) = postSolution
		{B5758DEF-3CCE-4337-B7DC-7871F15C3538}.Debug|Any CPU.ActiveCfg = Debug|Any CPU
		{B5758DEF-3CCE-4337-B7DC-7871F15C3538}.Debug|Any CPU.Build.0 = Debug|Any CPU
		{B5758DEF-3CCE-4337-B7DC-7871F15C3538}.Release|Any CPU.ActiveCfg = Release|Any CPU
		{B5758DEF-3CCE-4337-B7DC-7871F15C3538}.Release|Any CPU.Build.0 = Release|Any CPU
		{B38A905F-D479-497A-A00B-7241AF21EBC5}.Debug|Any CPU.ActiveCfg = Debug|Any CPU
		{B38A905F-D479-497A-A00B-7241AF21EBC5}.Debug|Any CPU.Build.0 = Debug|Any CPU
		{B38A905F-D479-497A-A00B-7241AF21EBC5}.Release|Any CPU.ActiveCfg = Release|Any CPU
		{B38A905F-D479-497A-A00B-7241AF21EBC5}.Release|Any CPU.Build.0 = Release|Any CPU
	EndGlobalSection
	GlobalSection(NestedProjects) = preSolution
		{B5758DEF-3CCE-4337-B7DC-7871F15C3538} = {7E7B5F02-ADAA-48FB-AFFF-39CC5DBC875F}
		{B38A905F-D479-497A-A00B-7241AF21EBC5} = {9B3D7A85-5009-48D7-A3D8-AEC524F4417A}
	EndGlobalSection
EndGlobal
